
Microsoft Visual Studio Solution File, Format Version 12.00
# Visual Studio Version 16
VisualStudioVersion = 16.0.31205.134
MinimumVisualStudioVersion = 10.0.40219.1
Project("{8BC9CEB8-8B4A-11D0-8D11-00A0C91BC942}") = "WordBleeping", "WordBleeping.vcxproj", "{24590BCD-799E-4B53-AA67-6B324051A387}"
EndProject
Global
	GlobalSection(SolutionConfigurationPlatforms) = preSolution
		Debug|x64 = Debug|x64
		Debug|x86 = Debug|x86
		Release|x64 = Release|x64
		Release|x86 = Release|x86
	EndGlobalSection
	GlobalSection(ProjectConfigurationPlatforms) = postSolution
		{24590BCD-799E-4B53-AA67-6B324051A387}.Debug|x64.ActiveCfg = Debug|x64
		{24590BCD-799E-4B53-AA67-6B324051A387}.Debug|x64.Build.0 = Debug|x64
		{24590BCD-799E-4B53-AA67-6B324051A387}.Debug|x86.ActiveCfg = Debug|Win32
		{24590BCD-799E-4B53-AA67-6B324051A387}.Debug|x86.Build.0 = Debug|Win32
		{24590BCD-799E-4B53-AA67-6B324051A387}.Release|x64.ActiveCfg = Release|x64
		{24590BCD-799E-4B53-AA67-6B324051A387}.Release|x64.Build.0 = Release|x64
		{24590BCD-799E-4B53-AA67-6B324051A387}.Release|x86.ActiveCfg = Release|Win32
		{24590BCD-799E-4B53-AA67-6B324051A387}.Release|x86.Build.0 = Release|Win32
	EndGlobalSection
	GlobalSection(SolutionProperties) = preSolution
		HideSolutionNode = FALSE
	EndGlobalSection
	GlobalSection(ExtensibilityGlobals) = postSolution
		SolutionGuid = {378AFEBD-B6EB-45E9-A22A-24FC42F882CF}
	EndGlobalSection
EndGlobal
